
Microsoft Visual Studio Solution File, Format Version 12.00
# Visual Studio Version 16
VisualStudioVersion = 16.0.29411.108
MinimumVisualStudioVersion = 10.0.40219.1
Project("{9A19103F-16F7-4668-BE54-9A1E7A4F7556}") = "BusinessLogic", "BusinessLogic\BusinessLogic.csproj", "{C9161D16-189F-4965-A616-980D7DF0A448}"
EndProject
Project("{9A19103F-16F7-4668-BE54-9A1E7A4F7556}") = "WebUi", "WebUi\WebUi.csproj", "{2AB58754-0C6A-4EEB-ADC6-B8ED39A2FE34}"
EndProject
Global
	GlobalSection(SolutionConfigurationPlatforms) = preSolution
		Debug|Any CPU = Debug|Any CPU
		Release|Any CPU = Release|Any CPU
	EndGlobalSection
	GlobalSection(ProjectConfigurationPlatforms) = postSolution
		{C9161D16-189F-4965-A616-980D7DF0A448}.Debug|Any CPU.ActiveCfg = Debug|Any CPU
		{C9161D16-189F-4965-A616-980D7DF0A448}.Debug|Any CPU.Build.0 = Debug|Any CPU
		{C9161D16-189F-4965-A616-980D7DF0A448}.Release|Any CPU.ActiveCfg = Release|Any CPU
		{C9161D16-189F-4965-A616-980D7DF0A448}.Release|Any CPU.Build.0 = Release|Any CPU
		{2AB58754-0C6A-4EEB-ADC6-B8ED39A2FE34}.Debug|Any CPU.ActiveCfg = Debug|Any CPU
		{2AB58754-0C6A-4EEB-ADC6-B8ED39A2FE34}.Debug|Any CPU.Build.0 = Debug|Any CPU
		{2AB58754-0C6A-4EEB-ADC6-B8ED39A2FE34}.Release|Any CPU.ActiveCfg = Release|Any CPU
		{2AB58754-0C6A-4EEB-ADC6-B8ED39A2FE34}.Release|Any CPU.Build.0 = Release|Any CPU
	EndGlobalSection
	GlobalSection(SolutionProperties) = preSolution
		HideSolutionNode = FALSE
	EndGlobalSection
	GlobalSection(ExtensibilityGlobals) = postSolution
		SolutionGuid = {B4A19D8C-0D37-4A2F-9F64-6636F4D0C32B}
	EndGlobalSection
EndGlobal
